// !$*UTF8*$!
{
	archiveVersion = 1;
	classes = {
	};
	objectVersion = 77;
	objects = {

/* Begin PBXBuildFile section */
		6C5C123D2F3893FE0082CE23 /* Sparkle in Frameworks */ = {isa = PBXBuildFile; productRef = 6C0990E12F2BE0C200D48100 /* Sparkle */; };
/* End PBXBuildFile section */

/* Begin PBXContainerItemProxy section */
		6C0990BD2F2BE0C200D48100 /* PBXContainerItemProxy */ = {
			isa = PBXContainerItemProxy;
			containerPortal = 6C0990A72F2BE0C100D48100 /* Project object */;
			proxyType = 1;
			remoteGlobalIDString = 6C0990AE2F2BE0C100D48100;
			remoteInfo = BetterCapture;
		};
		6C0990C72F2BE0C200D48100 /* PBXContainerItemProxy */ = {
			isa = PBXContainerItemProxy;
			containerPortal = 6C0990A72F2BE0C100D48100 /* Project object */;
			proxyType = 1;
			remoteGlobalIDString = 6C0990AE2F2BE0C100D48100;
			remoteInfo = BetterCapture;
		};
/* End PBXContainerItemProxy section */

/* Begin PBXFileReference section */
		6C0990AF2F2BE0C100D48100 /* BetterCapture.app */ = {isa = PBXFileReference; explicitFileType = wrapper.application; includeInIndex = 0; path = BetterCapture.app; sourceTree = BUILT_PRODUCTS_DIR; };
		6C0990BC2F2BE0C200D48100 /* BetterCaptureTests.xctest */ = {isa = PBXFileReference; explicitFileType = wrapper.cfbundle; includeInIndex = 0; path = BetterCaptureTests.xctest; sourceTree = BUILT_PRODUCTS_DIR; };
		6C0990C62F2BE0C200D48100 /* BetterCaptureUITests.xctest */ = {isa = PBXFileReference; explicitFileType = wrapper.cfbundle; includeInIndex = 0; path = BetterCaptureUITests.xctest; sourceTree = BUILT_PRODUCTS_DIR; };
/* End PBXFileReference section */

/* Begin PBXFileSystemSynchronizedBuildFileExceptionSet section */
		6C0990B12F2BE0C100D48101 /* Exceptions for "BetterCapture" folder in "BetterCapture" target */ = {
			isa = PBXFileSystemSynchronizedBuildFileExceptionSet;
			membershipExceptions = (
				Info.plist,
			);
			target = 6C0990AE2F2BE0C100D48100 /* BetterCapture */;
		};
/* End PBXFileSystemSynchronizedBuildFileExceptionSet section */

/* Begin PBXFileSystemSynchronizedRootGroup section */
		6C0990B12F2BE0C100D48100 /* BetterCapture */ = {
			isa = PBXFileSystemSynchronizedRootGroup;
			exceptions = (
				6C0990B12F2BE0C100D48101 /* Exceptions for "BetterCapture" folder in "BetterCapture" target */,
			);
			path = BetterCapture;
			sourceTree = "<group>";
		};
		6C0990BF2F2BE0C200D48100 /* BetterCaptureTests */ = {
			isa = PBXFileSystemSynchronizedRootGroup;
			path = BetterCaptureTests;
			sourceTree = "<group>";
		};
		6C0990C92F2BE0C200D48100 /* BetterCaptureUITests */ = {
			isa = PBXFileSystemSynchronizedRootGroup;
			path = BetterCaptureUITests;
			sourceTree = "<group>";
		};
/* End PBXFileSystemSynchronizedRootGroup section */

/* Begin PBXFrameworksBuildPhase section */
		6C0990AC2F2BE0C100D48100 /* Frameworks */ = {
			isa = PBXFrameworksBuildPhase;
			buildActionMask = 2147483647;
			files = (
				6C5C123D2F3893FE0082CE23 /* Sparkle in Frameworks */,
			);
			runOnlyForDeploymentPostprocessing = 0;
		};
		6C0990B92F2BE0C200D48100 /* Frameworks */ = {
			isa = PBXFrameworksBuildPhase;
			buildActionMask = 2147483647;
			files = (
			);
			runOnlyForDeploymentPostprocessing = 0;
		};
		6C0990C32F2BE0C200D48100 /* Frameworks */ = {
			isa = PBXFrameworksBuildPhase;
			buildActionMask = 2147483647;
			files = (
			);
			runOnlyForDeploymentPostprocessing = 0;
		};
/* End PBXFrameworksBuildPhase section */

/* Begin PBXGroup section */
		6C0990A62F2BE0C100D48100 = {
			isa = PBXGroup;
			children = (
				6C0990B12F2BE0C100D48100 /* BetterCapture */,
				6C0990BF2F2BE0C200D48100 /* BetterCaptureTests */,
				6C0990C92F2BE0C200D48100 /* BetterCaptureUITests */,
				6C0990B02F2BE0C100D48100 /* Products */,
			);
			sourceTree = "<group>";
		};
		6C0990B02F2BE0C100D48100 /* Products */ = {
			isa = PBXGroup;
			children = (
				6C0990AF2F2BE0C100D48100 /* BetterCapture.app */,
				6C0990BC2F2BE0C200D48100 /* BetterCaptureTests.xctest */,
				6C0990C62F2BE0C200D48100 /* BetterCaptureUITests.xctest */,
			);
			name = Products;
			sourceTree = "<group>";
		};
/* End PBXGroup section */

/* Begin PBXNativeTarget section */
		6C0990AE2F2BE0C100D48100 /* BetterCapture */ = {
			isa = PBXNativeTarget;
			buildConfigurationList = 6C0990D02F2BE0C200D48100 /* Build configuration list for PBXNativeTarget "BetterCapture" */;
			buildPhases = (
				6C0990AB2F2BE0C100D48100 /* Sources */,
				6C0990AC2F2BE0C100D48100 /* Frameworks */,
				6C0990AD2F2BE0C100D48100 /* Resources */,
			);
			buildRules = (
			);
			dependencies = (
			);
			fileSystemSynchronizedGroups = (
				6C0990B12F2BE0C100D48100 /* BetterCapture */,
			);
			name = BetterCapture;
			packageProductDependencies = (
				6C0990E12F2BE0C200D48100 /* Sparkle */,
			);
			productName = BetterCapture;
			productReference = 6C0990AF2F2BE0C100D48100 /* BetterCapture.app */;
			productType = "com.apple.product-type.application";
		};
		6C0990BB2F2BE0C200D48100 /* BetterCaptureTests */ = {
			isa = PBXNativeTarget;
			buildConfigurationList = 6C0990D32F2BE0C200D48100 /* Build configuration list for PBXNativeTarget "BetterCaptureTests" */;
			buildPhases = (
				6C0990B82F2BE0C200D48100 /* Sources */,
				6C0990B92F2BE0C200D48100 /* Frameworks */,
				6C0990BA2F2BE0C200D48100 /* Resources */,
			);
			buildRules = (
			);
			dependencies = (
				6C0990BE2F2BE0C200D48100 /* PBXTargetDependency */,
			);
			fileSystemSynchronizedGroups = (
				6C0990BF2F2BE0C200D48100 /* BetterCaptureTests */,
			);
			name = BetterCaptureTests;
			packageProductDependencies = (
			);
			productName = BetterCaptureTests;
			productReference = 6C0990BC2F2BE0C200D48100 /* BetterCaptureTests.xctest */;
			productType = "com.apple.product-type.bundle.unit-test";
		};
		6C0990C52F2BE0C200D48100 /* BetterCaptureUITests */ = {
			isa = PBXNativeTarget;
			buildConfigurationList = 6C0990D62F2BE0C200D48100 /* Build configuration list for PBXNativeTarget "BetterCaptureUITests" */;
			buildPhases = (
				6C0990C22F2BE0C200D48100 /* Sources */,
				6C0990C32F2BE0C200D48100 /* Frameworks */,
				6C0990C42F2BE0C200D48100 /* Resources */,
			);
			buildRules = (
			);
			dependencies = (
				6C0990C82F2BE0C200D48100 /* PBXTargetDependency */,
			);
			fileSystemSynchronizedGroups = (
				6C0990C92F2BE0C200D48100 /* BetterCaptureUITests */,
			);
			name = BetterCaptureUITests;
			packageProductDependencies = (
			);
			productName = BetterCaptureUITests;
			productReference = 6C0990C62F2BE0C200D48100 /* BetterCaptureUITests.xctest */;
			productType = "com.apple.product-type.bundle.ui-testing";
		};
/* End PBXNativeTarget section */

/* Begin PBXProject section */
		6C0990A72F2BE0C100D48100 /* Project object */ = {
			isa = PBXProject;
			attributes = {
				BuildIndependentTargetsInParallel = 1;
				LastSwiftUpdateCheck = 2600;
				LastUpgradeCheck = 2600;
				TargetAttributes = {
					6C0990AE2F2BE0C100D48100 = {
						CreatedOnToolsVersion = 26.0.1;
					};
					6C0990BB2F2BE0C200D48100 = {
						CreatedOnToolsVersion = 26.0.1;
						TestTargetID = 6C0990AE2F2BE0C100D48100;
					};
					6C0990C52F2BE0C200D48100 = {
						CreatedOnToolsVersion = 26.0.1;
						TestTargetID = 6C0990AE2F2BE0C100D48100;
					};
				};
			};
			buildConfigurationList = 6C0990AA2F2BE0C100D48100 /* Build configuration list for PBXProject "BetterCapture" */;
			developmentRegion = en;
			hasScannedForEncodings = 0;
			knownRegions = (
				en,
				Base,
			);
			mainGroup = 6C0990A62F2BE0C100D48100;
			minimizedProjectReferenceProxies = 1;
			packageReferences = (
				6C0990E02F2BE0C200D48100 /* XCRemoteSwiftPackageReference "Sparkle" */,
			);
			preferredProjectObjectVersion = 77;
			productRefGroup = 6C0990B02F2BE0C100D48100 /* Products */;
			projectDirPath = "";
			projectRoot = "";
			targets = (
				6C0990AE2F2BE0C100D48100 /* BetterCapture */,
				6C0990BB2F2BE0C200D48100 /* BetterCaptureTests */,
				6C0990C52F2BE0C200D48100 /* BetterCaptureUITests */,
			);
		};
/* End PBXProject section */

/* Begin PBXResourcesBuildPhase section */
		6C0990AD2F2BE0C100D48100 /* Resources */ = {
			isa = PBXResourcesBuildPhase;
			buildActionMask = 2147483647;
			files = (
			);
			runOnlyForDeploymentPostprocessing = 0;
		};
		6C0990BA2F2BE0C200D48100 /* Resources */ = {
			isa = PBXResourcesBuildPhase;
			buildActionMask = 2147483647;
			files = (
			);
			runOnlyForDeploymentPostprocessing = 0;
		};
		6C0990C42F2BE0C200D48100 /* Resources */ = {
			isa = PBXResourcesBuildPhase;
			buildActionMask = 2147483647;
			files = (
			);
			runOnlyForDeploymentPostprocessing = 0;
		};
/* End PBXResourcesBuildPhase section */

/* Begin PBXSourcesBuildPhase section */
		6C0990AB2F2BE0C100D48100 /* Sources */ = {
			isa = PBXSourcesBuildPhase;
			buildActionMask = 2147483647;
			files = (
			);
			runOnlyForDeploymentPostprocessing = 0;
		};
		6C0990B82F2BE0C200D48100 /* Sources */ = {
			isa = PBXSourcesBuildPhase;
			buildActionMask = 2147483647;
			files = (
			);
			runOnlyForDeploymentPostprocessing = 0;
		};
		6C0990C22F2BE0C200D48100 /* Sources */ = {
			isa = PBXSourcesBuildPhase;
			buildActionMask = 2147483647;
			files = (
			);
			runOnlyForDeploymentPostprocessing = 0;
		};
/* End PBXSourcesBuildPhase section */

/* Begin PBXTargetDependency section */
		6C0990BE2F2BE0C200D48100 /* PBXTargetDependency */ = {
			isa = PBXTargetDependency;
			target = 6C0990AE2F2BE0C100D48100 /* BetterCapture */;
			targetProxy = 6C0990BD2F2BE0C200D48100 /* PBXContainerItemProxy */;
		};
		6C0990C82F2BE0C200D48100 /* PBXTargetDependency */ = {
			isa = PBXTargetDependency;
			target = 6C0990AE2F2BE0C100D48100 /* BetterCapture */;
			targetProxy = 6C0990C72F2BE0C200D48100 /* PBXContainerItemProxy */;
		};
/* End PBXTargetDependency section */

/* Begin XCBuildConfiguration section */
		6C0990CE2F2BE0C200D48100 /* Debug */ = {
			isa = XCBuildConfiguration;
			buildSettings = {
				ALWAYS_SEARCH_USER_PATHS = NO;
				ASSETCATALOG_COMPILER_GENERATE_SWIFT_ASSET_SYMBOL_EXTENSIONS = YES;
				CLANG_ANALYZER_NONNULL = YES;
				CLANG_ANALYZER_NUMBER_OBJECT_CONVERSION = YES_AGGRESSIVE;
				CLANG_CXX_LANGUAGE_STANDARD = "gnu++20";
				CLANG_ENABLE_MODULES = YES;
				CLANG_ENABLE_OBJC_ARC = YES;
				CLANG_ENABLE_OBJC_WEAK = YES;
				CLANG_WARN_BLOCK_CAPTURE_AUTORELEASING = YES;
				CLANG_WARN_BOOL_CONVERSION = YES;
				CLANG_WARN_COMMA = YES;
				CLANG_WARN_CONSTANT_CONVERSION = YES;
				CLANG_WARN_DEPRECATED_OBJC_IMPLEMENTATIONS = YES;
				CLANG_WARN_DIRECT_OBJC_ISA_USAGE = YES_ERROR;
				CLANG_WARN_DOCUMENTATION_COMMENTS = YES;
				CLANG_WARN_EMPTY_BODY = YES;
				CLANG_WARN_ENUM_CONVERSION = YES;
				CLANG_WARN_INFINITE_RECURSION = YES;
				CLANG_WARN_INT_CONVERSION = YES;
				CLANG_WARN_NON_LITERAL_NULL_CONVERSION = YES;
				CLANG_WARN_OBJC_IMPLICIT_RETAIN_SELF = YES;
				CLANG_WARN_OBJC_LITERAL_CONVERSION = YES;
				CLANG_WARN_OBJC_ROOT_CLASS = YES_ERROR;
				CLANG_WARN_QUOTED_INCLUDE_IN_FRAMEWORK_HEADER = YES;
				CLANG_WARN_RANGE_LOOP_ANALYSIS = YES;
				CLANG_WARN_STRICT_PROTOTYPES = YES;
				CLANG_WARN_SUSPICIOUS_MOVE = YES;
				CLANG_WARN_UNGUARDED_AVAILABILITY = YES_AGGRESSIVE;
				CLANG_WARN_UNREACHABLE_CODE = YES;
				CLANG_WARN__DUPLICATE_METHOD_MATCH = YES;
				COPY_PHASE_STRIP = NO;
				DEBUG_INFORMATION_FORMAT = dwarf;
				DEVELOPMENT_TEAM = DMX24B5FC3;
				ENABLE_STRICT_OBJC_MSGSEND = YES;
				ENABLE_TESTABILITY = YES;
				ENABLE_USER_SCRIPT_SANDBOXING = YES;
				GCC_C_LANGUAGE_STANDARD = gnu17;
				GCC_DYNAMIC_NO_PIC = NO;
				GCC_NO_COMMON_BLOCKS = YES;
				GCC_OPTIMIZATION_LEVEL = 0;
				GCC_PREPROCESSOR_DEFINITIONS = (
					"DEBUG=1",
					"$(inherited)",
				);
				GCC_WARN_64_TO_32_BIT_CONVERSION = YES;
				GCC_WARN_ABOUT_RETURN_TYPE = YES_ERROR;
				GCC_WARN_UNDECLARED_SELECTOR = YES;
				GCC_WARN_UNINITIALIZED_AUTOS = YES_AGGRESSIVE;
				GCC_WARN_UNUSED_FUNCTION = YES;
				GCC_WARN_UNUSED_VARIABLE = YES;
				LOCALIZATION_PREFERS_STRING_CATALOGS = YES;
				MACOSX_DEPLOYMENT_TARGET = 15.2;
				MTL_ENABLE_DEBUG_INFO = INCLUDE_SOURCE;
				MTL_FAST_MATH = YES;
				ONLY_ACTIVE_ARCH = YES;
				SDKROOT = macosx;
				SWIFT_ACTIVE_COMPILATION_CONDITIONS = "DEBUG $(inherited)";
				SWIFT_OPTIMIZATION_LEVEL = "-Onone";
			};
			name = Debug;
		};
		6C0990CF2F2BE0C200D48100 /* Release */ = {
			isa = XCBuildConfiguration;
			buildSettings = {
				ALWAYS_SEARCH_USER_PATHS = NO;
				ASSETCATALOG_COMPILER_GENERATE_SWIFT_ASSET_SYMBOL_EXTENSIONS = YES;
				CLANG_ANALYZER_NONNULL = YES;
				CLANG_ANALYZER_NUMBER_OBJECT_CONVERSION = YES_AGGRESSIVE;
				CLANG_CXX_LANGUAGE_STANDARD = "gnu++20";
				CLANG_ENABLE_MODULES = YES;
				CLANG_ENABLE_OBJC_ARC = YES;
				CLANG_ENABLE_OBJC_WEAK = YES;
				CLANG_WARN_BLOCK_CAPTURE_AUTORELEASING = YES;
				CLANG_WARN_BOOL_CONVERSION = YES;
				CLANG_WARN_COMMA = YES;
				CLANG_WARN_CONSTANT_CONVERSION = YES;
				CLANG_WARN_DEPRECATED_OBJC_IMPLEMENTATIONS = YES;
				CLANG_WARN_DIRECT_OBJC_ISA_USAGE = YES_ERROR;
				CLANG_WARN_DOCUMENTATION_COMMENTS = YES;
				CLANG_WARN_EMPTY_BODY = YES;
				CLANG_WARN_ENUM_CONVERSION = YES;
				CLANG_WARN_INFINITE_RECURSION = YES;
				CLANG_WARN_INT_CONVERSION = YES;
				CLANG_WARN_NON_LITERAL_NULL_CONVERSION = YES;
				CLANG_WARN_OBJC_IMPLICIT_RETAIN_SELF = YES;
				CLANG_WARN_OBJC_LITERAL_CONVERSION = YES;
				CLANG_WARN_OBJC_ROOT_CLASS = YES_ERROR;
				CLANG_WARN_QUOTED_INCLUDE_IN_FRAMEWORK_HEADER = YES;
				CLANG_WARN_RANGE_LOOP_ANALYSIS = YES;
				CLANG_WARN_STRICT_PROTOTYPES = YES;
				CLANG_WARN_SUSPICIOUS_MOVE = YES;
				CLANG_WARN_UNGUARDED_AVAILABILITY = YES_AGGRESSIVE;
				CLANG_WARN_UNREACHABLE_CODE = YES;
				CLANG_WARN__DUPLICATE_METHOD_MATCH = YES;
				COPY_PHASE_STRIP = NO;
				DEBUG_INFORMATION_FORMAT = "dwarf-with-dsym";
				DEVELOPMENT_TEAM = DMX24B5FC3;
				ENABLE_NS_ASSERTIONS = NO;
				ENABLE_STRICT_OBJC_MSGSEND = YES;
				ENABLE_USER_SCRIPT_SANDBOXING = YES;
				GCC_C_LANGUAGE_STANDARD = gnu17;
				GCC_NO_COMMON_BLOCKS = YES;
				GCC_WARN_64_TO_32_BIT_CONVERSION = YES;
				GCC_WARN_ABOUT_RETURN_TYPE = YES_ERROR;
				GCC_WARN_UNDECLARED_SELECTOR = YES;
				GCC_WARN_UNINITIALIZED_AUTOS = YES_AGGRESSIVE;
				GCC_WARN_UNUSED_FUNCTION = YES;
				GCC_WARN_UNUSED_VARIABLE = YES;
				LOCALIZATION_PREFERS_STRING_CATALOGS = YES;
				MACOSX_DEPLOYMENT_TARGET = 15.2;
				MTL_ENABLE_DEBUG_INFO = NO;
				MTL_FAST_MATH = YES;
				SDKROOT = macosx;
				SWIFT_COMPILATION_MODE = wholemodule;
			};
			name = Release;
		};
		6C0990D12F2BE0C200D48100 /* Debug */ = {
			isa = XCBuildConfiguration;
			buildSettings = {
				ASSETCATALOG_COMPILER_APPICON_NAME = BetterCapture;
				ASSETCATALOG_COMPILER_GLOBAL_ACCENT_COLOR_NAME = AccentColor;
				ASSETCATALOG_COMPILER_INCLUDE_ALL_APPICON_ASSETS = NO;
				CODE_SIGN_ENTITLEMENTS = BetterCapture/BetterCapture.entitlements;
				"CODE_SIGN_IDENTITY[sdk=macosx*]" = "Apple Development";
				CODE_SIGN_STYLE = Automatic;
				COMBINE_HIDPI_IMAGES = YES;
				CURRENT_PROJECT_VERSION = 1;
				DEVELOPMENT_TEAM = 2T235JH25B;
				ENABLE_APP_SANDBOX = YES;
				ENABLE_HARDENED_RUNTIME = YES;
				ENABLE_PREVIEWS = YES;
				ENABLE_USER_SELECTED_FILES = readonly;
				GENERATE_INFOPLIST_FILE = YES;
				INFOPLIST_FILE = BetterCapture/Info.plist;
				INFOPLIST_KEY_CFBundleDisplayName = BetterCapture;
				INFOPLIST_KEY_LSApplicationCategoryType = "public.app-category.utilities";
				INFOPLIST_KEY_LSUIElement = YES;
				INFOPLIST_KEY_NSCameraUsageDescription = "Flowcast needs access to your camera to enable Presenter Overlay during screen recordings.";
				INFOPLIST_KEY_NSHumanReadableCopyright = "";
				INFOPLIST_KEY_NSMicrophoneUsageDescription = "Flowcast needs access to your microphone to record audio alongside screen captures.";
				LD_RUNPATH_SEARCH_PATHS = (
					"$(inherited)",
					"@executable_path/../Frameworks",
				);
				MARKETING_VERSION = 1.0;
				PRODUCT_BUNDLE_IDENTIFIER = com.rayanchahid.Flowcast;
				PRODUCT_NAME = "$(TARGET_NAME)";
				REGISTER_APP_GROUPS = YES;
				STRING_CATALOG_GENERATE_SYMBOLS = YES;
				SWIFT_APPROACHABLE_CONCURRENCY = YES;
				SWIFT_DEFAULT_ACTOR_ISOLATION = MainActor;
				SWIFT_EMIT_LOC_STRINGS = YES;
				SWIFT_UPCOMING_FEATURE_MEMBER_IMPORT_VISIBILITY = YES;
				SWIFT_VERSION = 5.0;
			};
			name = Debug;
		};
		6C0990D22F2BE0C200D48100 /* Release */ = {
			isa = XCBuildConfiguration;
			buildSettings = {
				ASSETCATALOG_COMPILER_APPICON_NAME = BetterCapture;
				ASSETCATALOG_COMPILER_GLOBAL_ACCENT_COLOR_NAME = AccentColor;
				ASSETCATALOG_COMPILER_INCLUDE_ALL_APPICON_ASSETS = NO;
				CODE_SIGN_ENTITLEMENTS = BetterCapture/BetterCapture.entitlements;
				"CODE_SIGN_IDENTITY[sdk=macosx*]" = "Apple Development";
				CODE_SIGN_STYLE = Automatic;
				COMBINE_HIDPI_IMAGES = YES;
				CURRENT_PROJECT_VERSION = 1;
				DEVELOPMENT_TEAM = 2T235JH25B;
				ENABLE_APP_SANDBOX = YES;
				ENABLE_HARDENED_RUNTIME = YES;
				ENABLE_PREVIEWS = YES;
				ENABLE_USER_SELECTED_FILES = readonly;
				GENERATE_INFOPLIST_FILE = YES;
				INFOPLIST_FILE = BetterCapture/Info.plist;
				INFOPLIST_KEY_CFBundleDisplayName = BetterCapture;
				INFOPLIST_KEY_LSApplicationCategoryType = "public.app-category.utilities";
				INFOPLIST_KEY_LSUIElement = YES;
				INFOPLIST_KEY_NSCameraUsageDescription = "Flowcast needs access to your camera to enable Presenter Overlay during screen recordings.";
				INFOPLIST_KEY_NSHumanReadableCopyright = "";
				INFOPLIST_KEY_NSMicrophoneUsageDescription = "Flowcast needs access to your microphone to record audio alongside screen captures.";
				LD_RUNPATH_SEARCH_PATHS = (
					"$(inherited)",
					"@executable_path/../Frameworks",
				);
				MARKETING_VERSION = 1.0;
				PRODUCT_BUNDLE_IDENTIFIER = com.rayanchahid.Flowcast;
				PRODUCT_NAME = "$(TARGET_NAME)";
				REGISTER_APP_GROUPS = YES;
				STRING_CATALOG_GENERATE_SYMBOLS = YES;
				SWIFT_APPROACHABLE_CONCURRENCY = YES;
				SWIFT_DEFAULT_ACTOR_ISOLATION = MainActor;
				SWIFT_EMIT_LOC_STRINGS = YES;
				SWIFT_UPCOMING_FEATURE_MEMBER_IMPORT_VISIBILITY = YES;
				SWIFT_VERSION = 5.0;
			};
			name = Release;
		};
		6C0990D42F2BE0C200D48100 /* Debug */ = {
			isa = XCBuildConfiguration;
			buildSettings = {
				BUNDLE_LOADER = "$(TEST_HOST)";
				CODE_SIGN_STYLE = Automatic;
				CURRENT_PROJECT_VERSION = 1;
				DEVELOPMENT_TEAM = 2T235JH25B;
				GENERATE_INFOPLIST_FILE = YES;
				MACOSX_DEPLOYMENT_TARGET = 15.0;
				MARKETING_VERSION = 1.0;
				PRODUCT_BUNDLE_IDENTIFIER = com.rayanchahid.FlowcastTests;
				PRODUCT_NAME = "$(TARGET_NAME)";
				STRING_CATALOG_GENERATE_SYMBOLS = NO;
				SWIFT_APPROACHABLE_CONCURRENCY = YES;
				SWIFT_EMIT_LOC_STRINGS = NO;
				SWIFT_UPCOMING_FEATURE_MEMBER_IMPORT_VISIBILITY = YES;
				SWIFT_VERSION = 5.0;
				TEST_HOST = "$(BUILT_PRODUCTS_DIR)/BetterCapture.app/$(BUNDLE_EXECUTABLE_FOLDER_PATH)/BetterCapture";
			};
			name = Debug;
		};
		6C0990D52F2BE0C200D48100 /* Release */ = {
			isa = XCBuildConfiguration;
			buildSettings = {
				BUNDLE_LOADER = "$(TEST_HOST)";
				CODE_SIGN_STYLE = Automatic;
				CURRENT_PROJECT_VERSION = 1;
				DEVELOPMENT_TEAM = 2T235JH25B;
				GENERATE_INFOPLIST_FILE = YES;
				MACOSX_DEPLOYMENT_TARGET = 15.0;
				MARKETING_VERSION = 1.0;
				PRODUCT_BUNDLE_IDENTIFIER = com.rayanchahid.FlowcastTests;
				PRODUCT_NAME = "$(TARGET_NAME)";
				STRING_CATALOG_GENERATE_SYMBOLS = NO;
				SWIFT_APPROACHABLE_CONCURRENCY = YES;
				SWIFT_EMIT_LOC_STRINGS = NO;
				SWIFT_UPCOMING_FEATURE_MEMBER_IMPORT_VISIBILITY = YES;
				SWIFT_VERSION = 5.0;
				TEST_HOST = "$(BUILT_PRODUCTS_DIR)/BetterCapture.app/$(BUNDLE_EXECUTABLE_FOLDER_PATH)/BetterCapture";
			};
			name = Release;
		};
		6C0990D72F2BE0C200D48100 /* Debug */ = {
			isa = XCBuildConfiguration;
			buildSettings = {
				CODE_SIGN_STYLE = Automatic;
				CURRENT_PROJECT_VERSION = 1;
				DEVELOPMENT_TEAM = 2T235JH25B;
				GENERATE_INFOPLIST_FILE = YES;
				MARKETING_VERSION = 1.0;
				PRODUCT_BUNDLE_IDENTIFIER = com.rayanchahid.FlowcastUITests;
				PRODUCT_NAME = "$(TARGET_NAME)";
				STRING_CATALOG_GENERATE_SYMBOLS = NO;
				SWIFT_APPROACHABLE_CONCURRENCY = YES;
				SWIFT_EMIT_LOC_STRINGS = NO;
				SWIFT_UPCOMING_FEATURE_MEMBER_IMPORT_VISIBILITY = YES;
				SWIFT_VERSION = 5.0;
				TEST_TARGET_NAME = BetterCapture;
			};
			name = Debug;
		};
		6C0990D82F2BE0C200D48100 /* Release */ = {
			isa = XCBuildConfiguration;
			buildSettings = {
				CODE_SIGN_STYLE = Automatic;
				CURRENT_PROJECT_VERSION = 1;
				DEVELOPMENT_TEAM = 2T235JH25B;
				GENERATE_INFOPLIST_FILE = YES;
				MARKETING_VERSION = 1.0;
				PRODUCT_BUNDLE_IDENTIFIER = com.rayanchahid.FlowcastUITests;
				PRODUCT_NAME = "$(TARGET_NAME)";
				STRING_CATALOG_GENERATE_SYMBOLS = NO;
				SWIFT_APPROACHABLE_CONCURRENCY = YES;
				SWIFT_EMIT_LOC_STRINGS = NO;
				SWIFT_UPCOMING_FEATURE_MEMBER_IMPORT_VISIBILITY = YES;
				SWIFT_VERSION = 5.0;
				TEST_TARGET_NAME = BetterCapture;
			};
			name = Release;
		};
/* End XCBuildConfiguration section */

/* Begin XCConfigurationList section */
		6C0990AA2F2BE0C100D48100 /* Build configuration list for PBXProject "BetterCapture" */ = {
			isa = XCConfigurationList;
			buildConfigurations = (
				6C0990CE2F2BE0C200D48100 /* Debug */,
				6C0990CF2F2BE0C200D48100 /* Release */,
			);
			defaultConfigurationIsVisible = 0;
			defaultConfigurationName = Release;
		};
		6C0990D02F2BE0C200D48100 /* Build configuration list for PBXNativeTarget "BetterCapture" */ = {
			isa = XCConfigurationList;
			buildConfigurations = (
				6C0990D12F2BE0C200D48100 /* Debug */,
				6C0990D22F2BE0C200D48100 /* Release */,
			);
			defaultConfigurationIsVisible = 0;
			defaultConfigurationName = Release;
		};
		6C0990D32F2BE0C200D48100 /* Build configuration list for PBXNativeTarget "BetterCaptureTests" */ = {
			isa = XCConfigurationList;
			buildConfigurations = (
				6C0990D42F2BE0C200D48100 /* Debug */,
				6C0990D52F2BE0C200D48100 /* Release */,
			);
			defaultConfigurationIsVisible = 0;
			defaultConfigurationName = Release;
		};
		6C0990D62F2BE0C200D48100 /* Build configuration list for PBXNativeTarget "BetterCaptureUITests" */ = {
			isa = XCConfigurationList;
			buildConfigurations = (
				6C0990D72F2BE0C200D48100 /* Debug */,
				6C0990D82F2BE0C200D48100 /* Release */,
			);
			defaultConfigurationIsVisible = 0;
			defaultConfigurationName = Release;
		};
/* End XCConfigurationList section */

/* Begin XCRemoteSwiftPackageReference section */
		6C0990E02F2BE0C200D48100 /* XCRemoteSwiftPackageReference "Sparkle" */ = {
			isa = XCRemoteSwiftPackageReference;
			repositoryURL = "https://github.com/sparkle-project/Sparkle";
			requirement = {
				kind = upToNextMajorVersion;
				minimumVersion = 2.7.0;
			};
		};
/* End XCRemoteSwiftPackageReference section */

/* Begin XCSwiftPackageProductDependency section */
		6C0990E12F2BE0C200D48100 /* Sparkle */ = {
			isa = XCSwiftPackageProductDependency;
			package = 6C0990E02F2BE0C200D48100 /* XCRemoteSwiftPackageReference "Sparkle" */;
			productName = Sparkle;
		};
/* End XCSwiftPackageProductDependency section */
	};
	rootObject = 6C0990A72F2BE0C100D48100 /* Project object */;
}
